
Microsoft Visual Studio Solution File, Format Version 12.00
# Visual Studio 15
VisualStudioVersion = 15.0.28307.168
MinimumVisualStudioVersion = 10.0.40219.1
Project("{9A19103F-16F7-4668-BE54-9A1E7A4F7556}") = "Entity", "Entity\Entity.csproj", "{3EB91FA2-6441-44B8-ABA7-9885E3505DDB}"
EndProject
Project("{9A19103F-16F7-4668-BE54-9A1E7A4F7556}") = "WebApi", "WebApi\WebApi.csproj", "{11EC13E4-A11A-4FBF-BE5B-B81A44392B51}"
EndProject
Project("{9A19103F-16F7-4668-BE54-9A1E7A4F7556}") = "Person", "Person\Person.csproj", "{61175F43-D6AF-4785-869C-8A1BC76C5EF9}"
EndProject
Project("{9A19103F-16F7-4668-BE54-9A1E7A4F7556}") = "Repository", "Repository\Repository.csproj", "{BBD1DB84-79CD-4E55-A36B-B2CD8020A61A}"
EndProject
Project("{9A19103F-16F7-4668-BE54-9A1E7A4F7556}") = "Contracts", "Contracts\Contracts.csproj", "{6FC49048-0CCC-4B1F-A637-7D855FACDB4E}"
EndProject
Project("{9A19103F-16F7-4668-BE54-9A1E7A4F7556}") = "PersonTest", "PersonTest\PersonTest.csproj", "{96F977D9-C9C9-4F95-BB1D-1E6B2AC75B42}"
EndProject
Global
	GlobalSection(SolutionConfigurationPlatforms) = preSolution
		Debug|Any CPU = Debug|Any CPU
		Release|Any CPU = Release|Any CPU
	EndGlobalSection
	GlobalSection(ProjectConfigurationPlatforms) = postSolution
		{3EB91FA2-6441-44B8-ABA7-9885E3505DDB}.Debug|Any CPU.ActiveCfg = Debug|Any CPU
		{3EB91FA2-6441-44B8-ABA7-9885E3505DDB}.Debug|Any CPU.Build.0 = Debug|Any CPU
		{3EB91FA2-6441-44B8-ABA7-9885E3505DDB}.Release|Any CPU.ActiveCfg = Release|Any CPU
		{3EB91FA2-6441-44B8-ABA7-9885E3505DDB}.Release|Any CPU.Build.0 = Release|Any CPU
		{11EC13E4-A11A-4FBF-BE5B-B81A44392B51}.Debug|Any CPU.ActiveCfg = Debug|Any CPU
		{11EC13E4-A11A-4FBF-BE5B-B81A44392B51}.Debug|Any CPU.Build.0 = Debug|Any CPU
		{11EC13E4-A11A-4FBF-BE5B-B81A44392B51}.Release|Any CPU.ActiveCfg = Release|Any CPU
		{11EC13E4-A11A-4FBF-BE5B-B81A44392B51}.Release|Any CPU.Build.0 = Release|Any CPU
		{61175F43-D6AF-4785-869C-8A1BC76C5EF9}.Debug|Any CPU.ActiveCfg = Debug|Any CPU
		{61175F43-D6AF-4785-869C-8A1BC76C5EF9}.Debug|Any CPU.Build.0 = Debug|Any CPU
		{61175F43-D6AF-4785-869C-8A1BC76C5EF9}.Release|Any CPU.ActiveCfg = Release|Any CPU
		{61175F43-D6AF-4785-869C-8A1BC76C5EF9}.Release|Any CPU.Build.0 = Release|Any CPU
		{BBD1DB84-79CD-4E55-A36B-B2CD8020A61A}.Debug|Any CPU.ActiveCfg = Debug|Any CPU
		{BBD1DB84-79CD-4E55-A36B-B2CD8020A61A}.Debug|Any CPU.Build.0 = Debug|Any CPU
		{BBD1DB84-79CD-4E55-A36B-B2CD8020A61A}.Release|Any CPU.ActiveCfg = Release|Any CPU
		{BBD1DB84-79CD-4E55-A36B-B2CD8020A61A}.Release|Any CPU.Build.0 = Release|Any CPU
		{6FC49048-0CCC-4B1F-A637-7D855FACDB4E}.Debug|Any CPU.ActiveCfg = Debug|Any CPU
		{6FC49048-0CCC-4B1F-A637-7D855FACDB4E}.Debug|Any CPU.Build.0 = Debug|Any CPU
		{6FC49048-0CCC-4B1F-A637-7D855FACDB4E}.Release|Any CPU.ActiveCfg = Release|Any CPU
		{6FC49048-0CCC-4B1F-A637-7D855FACDB4E}.Release|Any CPU.Build.0 = Release|Any CPU
		{96F977D9-C9C9-4F95-BB1D-1E6B2AC75B42}.Debug|Any CPU.ActiveCfg = Debug|Any CPU
		{96F977D9-C9C9-4F95-BB1D-1E6B2AC75B42}.Debug|Any CPU.Build.0 = Debug|Any CPU
		{96F977D9-C9C9-4F95-BB1D-1E6B2AC75B42}.Release|Any CPU.ActiveCfg = Release|Any CPU
		{96F977D9-C9C9-4F95-BB1D-1E6B2AC75B42}.Release|Any CPU.Build.0 = Release|Any CPU
	EndGlobalSection
	GlobalSection(SolutionProperties) = preSolution
		HideSolutionNode = FALSE
	EndGlobalSection
	GlobalSection(ExtensibilityGlobals) = postSolution
		SolutionGuid = {F06492D6-A4AF-45A8-9AA7-55FEB06E1204}
	EndGlobalSection
EndGlobal
